{
  "name": "cxxx",
  "lockfileVersion": 2,
  "requires": true,
  "packages": {
    "": {
      "name": "cxxx",
      "dependencies": {
        "nanoid": "^3.1.30",
        "systeminformation": "^5.9.15"
      }
    },
    "node_modules/nanoid": {
      "version": "3.1.30",
      "resolved": "https://registry.npmjs.org/nanoid/-/nanoid-3.1.30.tgz",
      "integrity": "sha512-zJpuPDwOv8D2zq2WRoMe1HsfZthVewpel9CAvTfc/2mBD1uUT/agc5f7GHGWXlYkFvi1mVxe4IjvP2HNrop7nQ==",
      "bin": {
        "nanoid": "bin/nanoid.cjs"
      },
      "engines": {
        "node": "^10 || ^12 || ^13.7 || ^14 || >=15.0.1"
      }
    },
    "node_modules/systeminformation": {
      "version": "5.9.15",
      "resolved": "https://registry.npmjs.org/systeminformation/-/systeminformation-5.9.15.tgz",
      "integrity": "sha512-0tUYPXffFEsme8n/iTAMk09jpGgqtaGf46QOx7oFmiON9zDUQCahfSymQaCRr4tsq9BkKolaOzp8nqMVNrKIqQ==",
      "os": [
        "darwin",
        "linux",
        "win32",
        "freebsd",
        "openbsd",
        "netbsd",
        "sunos"
      ],
      "bin": {
        "systeminformation": "lib/cli.js"
      },
      "engines": {
        "node": ">=8.0.0"
      },
      "funding": {
        "type": "Buy me a coffee",
        "url": "https://www.buymeacoffee.com/systeminfo"
      }
    }
  },
  "dependencies": {
    "nanoid": {
      "version": "3.1.30",
      "resolved": "https://registry.npmjs.org/nanoid/-/nanoid-3.1.30.tgz",
      "integrity": "sha512-zJpuPDwOv8D2zq2WRoMe1HsfZthVewpel9CAvTfc/2mBD1uUT/agc5f7GHGWXlYkFvi1mVxe4IjvP2HNrop7nQ=="
    },
    "systeminformation": {
      "version": "5.9.15",
      "resolved": "https://registry.npmjs.org/systeminformation/-/systeminformation-5.9.15.tgz",
      "integrity": "sha512-0tUYPXffFEsme8n/iTAMk09jpGgqtaGf46QOx7oFmiON9zDUQCahfSymQaCRr4tsq9BkKolaOzp8nqMVNrKIqQ=="
    }
  }
}
